
Microsoft Visual Studio Solution File, Format Version 12.00
# Visual Studio Version 17
VisualStudioVersion = 17.14.36518.9 d17.14
MinimumVisualStudioVersion = 10.0.40219.1
Project("{FAE04EC0-301F-11D3-BF4B-00C04F79EFBC}") = "Interação Medicamentosa", "Interação Medicamentosa.csproj", "{76135DB8-038C-4E2D-AD72-811E81A623E3}"
EndProject
Global
	GlobalSection(SolutionConfigurationPlatforms) = preSolution
		Debug|Any CPU = Debug|Any CPU
		Release|Any CPU = Release|Any CPU
	EndGlobalSection
	GlobalSection(ProjectConfigurationPlatforms) = postSolution
		{76135DB8-038C-4E2D-AD72-811E81A623E3}.Debug|Any CPU.ActiveCfg = Debug|Any CPU
		{76135DB8-038C-4E2D-AD72-811E81A623E3}.Debug|Any CPU.Build.0 = Debug|Any CPU
		{76135DB8-038C-4E2D-AD72-811E81A623E3}.Release|Any CPU.ActiveCfg = Release|Any CPU
		{76135DB8-038C-4E2D-AD72-811E81A623E3}.Release|Any CPU.Build.0 = Release|Any CPU
	EndGlobalSection
	GlobalSection(SolutionProperties) = preSolution
		HideSolutionNode = FALSE
	EndGlobalSection
	GlobalSection(ExtensibilityGlobals) = postSolution
		SolutionGuid = {5F31B08A-D69A-4338-BAA1-7B54AC056DB6}
	EndGlobalSection
EndGlobal
